
Microsoft Visual Studio Solution File, Format Version 12.00
# Visual Studio Version 17
VisualStudioVersion = 17.9.34723.18
MinimumVisualStudioVersion = 10.0.40219.1
Project("{FAE04EC0-301F-11D3-BF4B-00C04F79EFBC}") = "DKDotNetCore.ConsoleApp", "DKDotNetCore.ConsoleApp\DKDotNetCore.ConsoleApp.csproj", "{3CDA47A8-0325-47FF-8A6C-4670175768C3}"
EndProject
Global
	GlobalSection(SolutionConfigurationPlatforms) = preSolution
		Debug|Any CPU = Debug|Any CPU
		Release|Any CPU = Release|Any CPU
	EndGlobalSection
	GlobalSection(ProjectConfigurationPlatforms) = postSolution
		{3CDA47A8-0325-47FF-8A6C-4670175768C3}.Debug|Any CPU.ActiveCfg = Debug|Any CPU
		{3CDA47A8-0325-47FF-8A6C-4670175768C3}.Debug|Any CPU.Build.0 = Debug|Any CPU
		{3CDA47A8-0325-47FF-8A6C-4670175768C3}.Release|Any CPU.ActiveCfg = Release|Any CPU
		{3CDA47A8-0325-47FF-8A6C-4670175768C3}.Release|Any CPU.Build.0 = Release|Any CPU
	EndGlobalSection
	GlobalSection(SolutionProperties) = preSolution
		HideSolutionNode = FALSE
	EndGlobalSection
	GlobalSection(ExtensibilityGlobals) = postSolution
		SolutionGuid = {5623C258-3DD3-4ED2-8910-AA74B0BEC527}
	EndGlobalSection
EndGlobal
