
Microsoft Visual Studio Solution File, Format Version 12.00
# Visual Studio Version 17
VisualStudioVersion = 17.9.34723.18
MinimumVisualStudioVersion = 10.0.40219.1
Project("{9A19103F-16F7-4668-BE54-9A1E7A4F7556}") = "DKDotNetCore.ConsoleApp", "DKDotNetCore.ConsoleApp\DKDotNetCore.ConsoleApp.csproj", "{3CDA47A8-0325-47FF-8A6C-4670175768C3}"
EndProject
Project("{2150E333-8FDC-42A3-9474-1A3956D46DE8}") = "Documents", "Documents", "{A0139586-D5F9-4B2D-9A06-4CBD4BA906A1}"
	ProjectSection(SolutionItems) = preProject
		DotnetTrainingBatch4.sql = DotnetTrainingBatch4.sql
		README.md = README.md
	EndProjectSection
EndProject
Project("{9A19103F-16F7-4668-BE54-9A1E7A4F7556}") = "DKDotNetCore.RestApi", "DKDotNetCore.RestApi\DKDotNetCore.RestApi.csproj", "{D9DF9A17-8D48-461C-98E0-FA0638265DB3}"
EndProject
Project("{9A19103F-16F7-4668-BE54-9A1E7A4F7556}") = "DKDotNetCore.Shared", "DKDotNetCore.Shared\DKDotNetCore.Shared.csproj", "{18EAE2CB-4765-4985-A0E3-9E0FD36E657C}"
EndProject
Project("{9A19103F-16F7-4668-BE54-9A1E7A4F7556}") = "DKDotNetCore.RestApiWithNLayer", "DKDotNetCore.RestApiWithNLayer\DKDotNetCore.RestApiWithNLayer.csproj", "{EC8A608C-988B-457C-BF04-96AA33F33CC3}"
EndProject
Project("{9A19103F-16F7-4668-BE54-9A1E7A4F7556}") = "DKDotNetCore.ConsoleAppHttpClient", "DKDotNetCore.ConsoleAppHttpClient\DKDotNetCore.ConsoleAppHttpClient.csproj", "{689ED6F2-24FA-47D6-A826-69D90421C2F8}"
	ProjectSection(ProjectDependencies) = postProject
		{D9DF9A17-8D48-461C-98E0-FA0638265DB3} = {D9DF9A17-8D48-461C-98E0-FA0638265DB3}
	EndProjectSection
EndProject
Project("{9A19103F-16F7-4668-BE54-9A1E7A4F7556}") = "DKDotNetCore.ConsoleAppHttpClientExamples", "DKDotNetCore.ConsoleAppHttpClientExamples\DKDotNetCore.ConsoleAppHttpClientExamples.csproj", "{5A4DFB6B-B230-4B6B-B923-DB5C4A766A41}"
EndProject
Project("{FAE04EC0-301F-11D3-BF4B-00C04F79EFBC}") = "DKDotNetCore.ConsoleAppRestClientExamples", "DKDotNetCore.ConsoleAppRestClientExamples\DKDotNetCore.ConsoleAppRestClientExamples.csproj", "{C9B920F3-7758-43B3-9C94-BD192EFF4C0E}"
EndProject
Global
	GlobalSection(SolutionConfigurationPlatforms) = preSolution
		Debug|Any CPU = Debug|Any CPU
		Release|Any CPU = Release|Any CPU
	EndGlobalSection
	GlobalSection(ProjectConfigurationPlatforms) = postSolution
		{3CDA47A8-0325-47FF-8A6C-4670175768C3}.Debug|Any CPU.ActiveCfg = Debug|Any CPU
		{3CDA47A8-0325-47FF-8A6C-4670175768C3}.Debug|Any CPU.Build.0 = Debug|Any CPU
		{3CDA47A8-0325-47FF-8A6C-4670175768C3}.Release|Any CPU.ActiveCfg = Release|Any CPU
		{3CDA47A8-0325-47FF-8A6C-4670175768C3}.Release|Any CPU.Build.0 = Release|Any CPU
		{D9DF9A17-8D48-461C-98E0-FA0638265DB3}.Debug|Any CPU.ActiveCfg = Debug|Any CPU
		{D9DF9A17-8D48-461C-98E0-FA0638265DB3}.Debug|Any CPU.Build.0 = Debug|Any CPU
		{D9DF9A17-8D48-461C-98E0-FA0638265DB3}.Release|Any CPU.ActiveCfg = Release|Any CPU
		{D9DF9A17-8D48-461C-98E0-FA0638265DB3}.Release|Any CPU.Build.0 = Release|Any CPU
		{18EAE2CB-4765-4985-A0E3-9E0FD36E657C}.Debug|Any CPU.ActiveCfg = Debug|Any CPU
		{18EAE2CB-4765-4985-A0E3-9E0FD36E657C}.Debug|Any CPU.Build.0 = Debug|Any CPU
		{18EAE2CB-4765-4985-A0E3-9E0FD36E657C}.Release|Any CPU.ActiveCfg = Release|Any CPU
		{18EAE2CB-4765-4985-A0E3-9E0FD36E657C}.Release|Any CPU.Build.0 = Release|Any CPU
		{EC8A608C-988B-457C-BF04-96AA33F33CC3}.Debug|Any CPU.ActiveCfg = Debug|Any CPU
		{EC8A608C-988B-457C-BF04-96AA33F33CC3}.Debug|Any CPU.Build.0 = Debug|Any CPU
		{EC8A608C-988B-457C-BF04-96AA33F33CC3}.Release|Any CPU.ActiveCfg = Release|Any CPU
		{EC8A608C-988B-457C-BF04-96AA33F33CC3}.Release|Any CPU.Build.0 = Release|Any CPU
		{689ED6F2-24FA-47D6-A826-69D90421C2F8}.Debug|Any CPU.ActiveCfg = Debug|Any CPU
		{689ED6F2-24FA-47D6-A826-69D90421C2F8}.Debug|Any CPU.Build.0 = Debug|Any CPU
		{689ED6F2-24FA-47D6-A826-69D90421C2F8}.Release|Any CPU.ActiveCfg = Release|Any CPU
		{689ED6F2-24FA-47D6-A826-69D90421C2F8}.Release|Any CPU.Build.0 = Release|Any CPU
		{5A4DFB6B-B230-4B6B-B923-DB5C4A766A41}.Debug|Any CPU.ActiveCfg = Debug|Any CPU
		{5A4DFB6B-B230-4B6B-B923-DB5C4A766A41}.Debug|Any CPU.Build.0 = Debug|Any CPU
		{5A4DFB6B-B230-4B6B-B923-DB5C4A766A41}.Release|Any CPU.ActiveCfg = Release|Any CPU
		{5A4DFB6B-B230-4B6B-B923-DB5C4A766A41}.Release|Any CPU.Build.0 = Release|Any CPU
		{C9B920F3-7758-43B3-9C94-BD192EFF4C0E}.Debug|Any CPU.ActiveCfg = Debug|Any CPU
		{C9B920F3-7758-43B3-9C94-BD192EFF4C0E}.Debug|Any CPU.Build.0 = Debug|Any CPU
		{C9B920F3-7758-43B3-9C94-BD192EFF4C0E}.Release|Any CPU.ActiveCfg = Release|Any CPU
		{C9B920F3-7758-43B3-9C94-BD192EFF4C0E}.Release|Any CPU.Build.0 = Release|Any CPU
	EndGlobalSection
	GlobalSection(SolutionProperties) = preSolution
		HideSolutionNode = FALSE
	EndGlobalSection
	GlobalSection(ExtensibilityGlobals) = postSolution
		SolutionGuid = {5623C258-3DD3-4ED2-8910-AA74B0BEC527}
	EndGlobalSection
EndGlobal
